%{"certifi": {:hex, :certifi, "2.0.0", "a0c0e475107135f76b8c1d5bc7efb33cd3815cb3cf3dea7aefdd174dabead064", [], [], "hexpm"},
  "chumak": {:git, "https://github.com/zeromq/chumak.git", "8d3c032f87e511cd7012c55f10ec11140c663a88", []},
  "espec": {:hex, :espec, "1.4.5", "42defe77dadd02c011281a1ee22c5e468303d2806c024e9ee9be6d18171d771f", [], [{:meck, "0.8.7", [hex: :meck, repo: "hexpm", optional: false]}], "hexpm"},
  "ex_machina": {:hex, :ex_machina, "2.1.0", "4874dc9c78e7cf2d429f24dc3c4005674d4e4da6a08be961ffccc08fb528e28b", [], [{:ecto, "~> 2.1", [hex: :ecto, repo: "hexpm", optional: true]}], "hexpm"},
  "granderl": {:hex, :granderl, "0.1.5", "f20077a68bd80b8d8783bd15a052813c6483771dec1a5b837d307cbe92f14122", [], [], "hexpm"},
  "hackney": {:hex, :hackney, "1.9.0", "51c506afc0a365868469dcfc79a9d0b94d896ec741cfd5bd338f49a5ec515bfe", [], [{:certifi, "2.0.0", [hex: :certifi, repo: "hexpm", optional: false]}, {:idna, "5.1.0", [hex: :idna, repo: "hexpm", optional: false]}, {:metrics, "1.0.1", [hex: :metrics, repo: "hexpm", optional: false]}, {:mimerl, "1.0.2", [hex: :mimerl, repo: "hexpm", optional: false]}, {:ssl_verify_fun, "1.1.1", [hex: :ssl_verify_fun, repo: "hexpm", optional: false]}], "hexpm"},
  "honeydew": {:hex, :honeydew, "1.0.1", "7266286ffcedab64ebcfe740307d8bea941558a35415ae1fa22fcfe84adaf6d6", [], [], "hexpm"},
  "idna": {:hex, :idna, "5.1.0", "d72b4effeb324ad5da3cab1767cb16b17939004e789d8c0ad5b70f3cea20c89a", [], [{:unicode_util_compat, "0.3.1", [hex: :unicode_util_compat, repo: "hexpm", optional: false]}], "hexpm"},
  "jsonrpc2": {:hex, :jsonrpc2, "1.0.2", "44dc08743e5bd5dc42c674553228d743418efe7a732b94fadf7f6f3224eaca78", [], [{:hackney, "~> 1.6", [hex: :hackney, repo: "hexpm", optional: true]}, {:jiffy, "~> 0.14", [hex: :jiffy, repo: "hexpm", optional: true]}, {:plug, "~> 1.1", [hex: :plug, repo: "hexpm", optional: true]}, {:poison, "~> 3.0 or ~> 2.0", [hex: :poison, repo: "hexpm", optional: true]}, {:ranch, "~> 1.2", [hex: :ranch, repo: "hexpm", optional: true]}, {:shackle, "~> 0.3", [hex: :shackle, repo: "hexpm", optional: true]}], "hexpm"},
  "meck": {:hex, :meck, "0.8.7", "ebad16ca23f685b07aed3bc011efff65fbaf28881a8adf925428ef5472d390ee", [], [], "hexpm"},
  "metal": {:hex, :metal, "0.1.0", "168e0ab553e3b8144547e353085cedaa43c8769e0b7e43c0146c99c2c33507ac", [], [], "hexpm"},
  "metrics": {:hex, :metrics, "1.0.1", "25f094dea2cda98213cecc3aeff09e940299d950904393b2a29d191c346a8486", [], [], "hexpm"},
  "mimerl": {:hex, :mimerl, "1.0.2", "993f9b0e084083405ed8252b99460c4f0563e41729ab42d9074fd5e52439be88", [], [], "hexpm"},
  "poison": {:hex, :poison, "3.1.0", "d9eb636610e096f86f25d9a46f35a9facac35609a7591b3be3326e99a0484665", [], [], "hexpm"},
  "shackle": {:hex, :shackle, "0.5.1", "d32906b49bdf030127558778f2e5cee9d7f10c55dd40e25da51381eada719cbf", [], [{:granderl, "0.1.5", [hex: :granderl, repo: "hexpm", optional: false]}, {:metal, "0.1.0", [hex: :metal, repo: "hexpm", optional: false]}], "hexpm"},
  "ssl_verify_fun": {:hex, :ssl_verify_fun, "1.1.1", "28a4d65b7f59893bc2c7de786dec1e1555bd742d336043fe644ae956c3497fbe", [], [], "hexpm"},
  "unicode_util_compat": {:hex, :unicode_util_compat, "0.3.1", "a1f612a7b512638634a603c8f401892afbf99b8ce93a45041f8aaca99cadb85e", [], [], "hexpm"}}
